
Microsoft Visual Studio Solution File, Format Version 12.00
# Visual Studio Version 17
VisualStudioVersion = 17.11.35222.181
MinimumVisualStudioVersion = 10.0.40219.1
Project("{FAE04EC0-301F-11D3-BF4B-00C04F79EFBC}") = "PlanificadorDeProcesos-Grupo#5", "PlanificadorDeProcesos-Grupo#5\PlanificadorDeProcesos-Grupo#5.csproj", "{316F556F-10E1-4BB4-A346-1ED18BAB25B4}"
EndProject
Global
	GlobalSection(SolutionConfigurationPlatforms) = preSolution
		Debug|Any CPU = Debug|Any CPU
		Release|Any CPU = Release|Any CPU
	EndGlobalSection
	GlobalSection(ProjectConfigurationPlatforms) = postSolution
		{316F556F-10E1-4BB4-A346-1ED18BAB25B4}.Debug|Any CPU.ActiveCfg = Debug|Any CPU
		{316F556F-10E1-4BB4-A346-1ED18BAB25B4}.Debug|Any CPU.Build.0 = Debug|Any CPU
		{316F556F-10E1-4BB4-A346-1ED18BAB25B4}.Release|Any CPU.ActiveCfg = Release|Any CPU
		{316F556F-10E1-4BB4-A346-1ED18BAB25B4}.Release|Any CPU.Build.0 = Release|Any CPU
	EndGlobalSection
	GlobalSection(SolutionProperties) = preSolution
		HideSolutionNode = FALSE
	EndGlobalSection
	GlobalSection(ExtensibilityGlobals) = postSolution
		SolutionGuid = {FDCE3DE1-E62B-4DD0-9414-DED930B4EC9E}
	EndGlobalSection
EndGlobal
